
Microsoft Visual Studio Solution File, Format Version 12.00
# Visual Studio Version 16
VisualStudioVersion = 16.0.31729.503
MinimumVisualStudioVersion = 10.0.40219.1
Project("{FAE04EC0-301F-11D3-BF4B-00C04F79EFBC}") = "ConsoleApp1", "ConsoleApp1\ConsoleApp1.csproj", "{66538E4C-2A94-41CC-A9A4-77305C8C377B}"
EndProject
Global
	GlobalSection(SolutionConfigurationPlatforms) = preSolution
		Debug|Any CPU = Debug|Any CPU
		Release|Any CPU = Release|Any CPU
	EndGlobalSection
	GlobalSection(ProjectConfigurationPlatforms) = postSolution
		{66538E4C-2A94-41CC-A9A4-77305C8C377B}.Debug|Any CPU.ActiveCfg = Debug|Any CPU
		{66538E4C-2A94-41CC-A9A4-77305C8C377B}.Debug|Any CPU.Build.0 = Debug|Any CPU
		{66538E4C-2A94-41CC-A9A4-77305C8C377B}.Release|Any CPU.ActiveCfg = Release|Any CPU
		{66538E4C-2A94-41CC-A9A4-77305C8C377B}.Release|Any CPU.Build.0 = Release|Any CPU
	EndGlobalSection
	GlobalSection(SolutionProperties) = preSolution
		HideSolutionNode = FALSE
	EndGlobalSection
	GlobalSection(ExtensibilityGlobals) = postSolution
		SolutionGuid = {51FA5374-89CD-4AEB-9FD8-69D0CA21B7A7}
	EndGlobalSection
EndGlobal
